
Microsoft Visual Studio Solution File, Format Version 12.00
# Visual Studio Version 17
VisualStudioVersion = 17.4.33213.308
MinimumVisualStudioVersion = 10.0.40219.1
Project("{9A19103F-16F7-4668-BE54-9A1E7A4F7556}") = "SimpleSchedule", "SimpleSchedule\SimpleSchedule.csproj", "{83F6E88A-8CDB-49DA-A9BB-1BC5182B24E4}"
EndProject
Project("{9A19103F-16F7-4668-BE54-9A1E7A4F7556}") = "Tests", "Tests\Tests.csproj", "{20349B49-8703-4696-8B2A-D2B2CB70CC28}"
EndProject
Project("{9A19103F-16F7-4668-BE54-9A1E7A4F7556}") = "Logic", "Logic\Logic.csproj", "{B3C73AF5-84E5-4B29-94D6-0B95BCF21E75}"
EndProject
Project("{9A19103F-16F7-4668-BE54-9A1E7A4F7556}") = "Models", "Models\Models.csproj", "{8B377514-D59D-4CF0-991A-2CD652A311EE}"
EndProject
Project("{9A19103F-16F7-4668-BE54-9A1E7A4F7556}") = "Storage", "Storage\Storage.csproj", "{91B15C48-A229-4CFB-A1B1-B3721607B8AB}"
EndProject
Project("{9A19103F-16F7-4668-BE54-9A1E7A4F7556}") = "API", "API\API.csproj", "{AAD1AACD-1369-4BBB-B753-D4701B6240D7}"
EndProject
Global
	GlobalSection(SolutionConfigurationPlatforms) = preSolution
		Debug|Any CPU = Debug|Any CPU
		Release|Any CPU = Release|Any CPU
	EndGlobalSection
	GlobalSection(ProjectConfigurationPlatforms) = postSolution
		{83F6E88A-8CDB-49DA-A9BB-1BC5182B24E4}.Debug|Any CPU.ActiveCfg = Debug|Any CPU
		{83F6E88A-8CDB-49DA-A9BB-1BC5182B24E4}.Debug|Any CPU.Build.0 = Debug|Any CPU
		{83F6E88A-8CDB-49DA-A9BB-1BC5182B24E4}.Release|Any CPU.ActiveCfg = Release|Any CPU
		{83F6E88A-8CDB-49DA-A9BB-1BC5182B24E4}.Release|Any CPU.Build.0 = Release|Any CPU
		{20349B49-8703-4696-8B2A-D2B2CB70CC28}.Debug|Any CPU.ActiveCfg = Debug|Any CPU
		{20349B49-8703-4696-8B2A-D2B2CB70CC28}.Debug|Any CPU.Build.0 = Debug|Any CPU
		{20349B49-8703-4696-8B2A-D2B2CB70CC28}.Release|Any CPU.ActiveCfg = Release|Any CPU
		{20349B49-8703-4696-8B2A-D2B2CB70CC28}.Release|Any CPU.Build.0 = Release|Any CPU
		{B3C73AF5-84E5-4B29-94D6-0B95BCF21E75}.Debug|Any CPU.ActiveCfg = Debug|Any CPU
		{B3C73AF5-84E5-4B29-94D6-0B95BCF21E75}.Debug|Any CPU.Build.0 = Debug|Any CPU
		{B3C73AF5-84E5-4B29-94D6-0B95BCF21E75}.Release|Any CPU.ActiveCfg = Release|Any CPU
		{B3C73AF5-84E5-4B29-94D6-0B95BCF21E75}.Release|Any CPU.Build.0 = Release|Any CPU
		{8B377514-D59D-4CF0-991A-2CD652A311EE}.Debug|Any CPU.ActiveCfg = Debug|Any CPU
		{8B377514-D59D-4CF0-991A-2CD652A311EE}.Debug|Any CPU.Build.0 = Debug|Any CPU
		{8B377514-D59D-4CF0-991A-2CD652A311EE}.Release|Any CPU.ActiveCfg = Release|Any CPU
		{8B377514-D59D-4CF0-991A-2CD652A311EE}.Release|Any CPU.Build.0 = Release|Any CPU
		{91B15C48-A229-4CFB-A1B1-B3721607B8AB}.Debug|Any CPU.ActiveCfg = Debug|Any CPU
		{91B15C48-A229-4CFB-A1B1-B3721607B8AB}.Debug|Any CPU.Build.0 = Debug|Any CPU
		{91B15C48-A229-4CFB-A1B1-B3721607B8AB}.Release|Any CPU.ActiveCfg = Release|Any CPU
		{91B15C48-A229-4CFB-A1B1-B3721607B8AB}.Release|Any CPU.Build.0 = Release|Any CPU
		{AAD1AACD-1369-4BBB-B753-D4701B6240D7}.Debug|Any CPU.ActiveCfg = Debug|Any CPU
		{AAD1AACD-1369-4BBB-B753-D4701B6240D7}.Debug|Any CPU.Build.0 = Debug|Any CPU
		{AAD1AACD-1369-4BBB-B753-D4701B6240D7}.Release|Any CPU.ActiveCfg = Release|Any CPU
		{AAD1AACD-1369-4BBB-B753-D4701B6240D7}.Release|Any CPU.Build.0 = Release|Any CPU
	EndGlobalSection
	GlobalSection(SolutionProperties) = preSolution
		HideSolutionNode = FALSE
	EndGlobalSection
	GlobalSection(ExtensibilityGlobals) = postSolution
		SolutionGuid = {4D826748-2913-43F1-B9A9-93E7A5CA76FC}
	EndGlobalSection
EndGlobal
