
Microsoft Visual Studio Solution File, Format Version 12.00
# Visual Studio Version 17
VisualStudioVersion = 17.4.33213.308
MinimumVisualStudioVersion = 10.0.40219.1
Project("{FAE04EC0-301F-11D3-BF4B-00C04F79EFBC}") = "SimpleSchedule", "SimpleSchedule\SimpleSchedule.csproj", "{83F6E88A-8CDB-49DA-A9BB-1BC5182B24E4}"
EndProject
Project("{FAE04EC0-301F-11D3-BF4B-00C04F79EFBC}") = "Tests", "Tests\Tests.csproj", "{20349B49-8703-4696-8B2A-D2B2CB70CC28}"
EndProject
Project("{FAE04EC0-301F-11D3-BF4B-00C04F79EFBC}") = "Logic", "Logic\Logic.csproj", "{B3C73AF5-84E5-4B29-94D6-0B95BCF21E75}"
EndProject
Project("{FAE04EC0-301F-11D3-BF4B-00C04F79EFBC}") = "Models", "Models\Models.csproj", "{8B377514-D59D-4CF0-991A-2CD652A311EE}"
EndProject
Project("{FAE04EC0-301F-11D3-BF4B-00C04F79EFBC}") = "Output", "Output\Output.csproj", "{1C9334A7-6E0F-4D09-9CC2-9F6E420A47E2}"
EndProject
Global
	GlobalSection(SolutionConfigurationPlatforms) = preSolution
		Debug|Any CPU = Debug|Any CPU
		Release|Any CPU = Release|Any CPU
	EndGlobalSection
	GlobalSection(ProjectConfigurationPlatforms) = postSolution
		{83F6E88A-8CDB-49DA-A9BB-1BC5182B24E4}.Debug|Any CPU.ActiveCfg = Debug|Any CPU
		{83F6E88A-8CDB-49DA-A9BB-1BC5182B24E4}.Debug|Any CPU.Build.0 = Debug|Any CPU
		{83F6E88A-8CDB-49DA-A9BB-1BC5182B24E4}.Release|Any CPU.ActiveCfg = Release|Any CPU
		{83F6E88A-8CDB-49DA-A9BB-1BC5182B24E4}.Release|Any CPU.Build.0 = Release|Any CPU
		{20349B49-8703-4696-8B2A-D2B2CB70CC28}.Debug|Any CPU.ActiveCfg = Debug|Any CPU
		{20349B49-8703-4696-8B2A-D2B2CB70CC28}.Debug|Any CPU.Build.0 = Debug|Any CPU
		{20349B49-8703-4696-8B2A-D2B2CB70CC28}.Release|Any CPU.ActiveCfg = Release|Any CPU
		{20349B49-8703-4696-8B2A-D2B2CB70CC28}.Release|Any CPU.Build.0 = Release|Any CPU
		{B3C73AF5-84E5-4B29-94D6-0B95BCF21E75}.Debug|Any CPU.ActiveCfg = Debug|Any CPU
		{B3C73AF5-84E5-4B29-94D6-0B95BCF21E75}.Debug|Any CPU.Build.0 = Debug|Any CPU
		{B3C73AF5-84E5-4B29-94D6-0B95BCF21E75}.Release|Any CPU.ActiveCfg = Release|Any CPU
		{B3C73AF5-84E5-4B29-94D6-0B95BCF21E75}.Release|Any CPU.Build.0 = Release|Any CPU
		{8B377514-D59D-4CF0-991A-2CD652A311EE}.Debug|Any CPU.ActiveCfg = Debug|Any CPU
		{8B377514-D59D-4CF0-991A-2CD652A311EE}.Debug|Any CPU.Build.0 = Debug|Any CPU
		{8B377514-D59D-4CF0-991A-2CD652A311EE}.Release|Any CPU.ActiveCfg = Release|Any CPU
		{8B377514-D59D-4CF0-991A-2CD652A311EE}.Release|Any CPU.Build.0 = Release|Any CPU
		{1C9334A7-6E0F-4D09-9CC2-9F6E420A47E2}.Debug|Any CPU.ActiveCfg = Debug|Any CPU
		{1C9334A7-6E0F-4D09-9CC2-9F6E420A47E2}.Debug|Any CPU.Build.0 = Debug|Any CPU
		{1C9334A7-6E0F-4D09-9CC2-9F6E420A47E2}.Release|Any CPU.ActiveCfg = Release|Any CPU
		{1C9334A7-6E0F-4D09-9CC2-9F6E420A47E2}.Release|Any CPU.Build.0 = Release|Any CPU
	EndGlobalSection
	GlobalSection(SolutionProperties) = preSolution
		HideSolutionNode = FALSE
	EndGlobalSection
	GlobalSection(ExtensibilityGlobals) = postSolution
		SolutionGuid = {4D826748-2913-43F1-B9A9-93E7A5CA76FC}
	EndGlobalSection
EndGlobal
